// !$*UTF8*$!
{
	archiveVersion = 1;
	classes = {
	};
	objectVersion = 56;
	objects = {

/* Begin PBXBuildFile section */
		A1656A992C442058007C76E8 /* PomodorkoApp.swift in Sources */ = {isa = PBXBuildFile; fileRef = A1656A982C442058007C76E8 /* PomodorkoApp.swift */; };
		A1656A9D2C442059007C76E8 /* Assets.xcassets in Resources */ = {isa = PBXBuildFile; fileRef = A1656A9C2C442059007C76E8 /* Assets.xcassets */; };
		A1656AA02C442059007C76E8 /* Preview Assets.xcassets in Resources */ = {isa = PBXBuildFile; fileRef = A1656A9F2C442059007C76E8 /* Preview Assets.xcassets */; };
		A1656AAA2C44205A007C76E8 /* PomodorkoTests.swift in Sources */ = {isa = PBXBuildFile; fileRef = A1656AA92C44205A007C76E8 /* PomodorkoTests.swift */; };
		A1656AB42C44205A007C76E8 /* PomodorkoUITests.swift in Sources */ = {isa = PBXBuildFile; fileRef = A1656AB32C44205A007C76E8 /* PomodorkoUITests.swift */; };
		A1656AB62C44205A007C76E8 /* PomodorkoUITestsLaunchTests.swift in Sources */ = {isa = PBXBuildFile; fileRef = A1656AB52C44205A007C76E8 /* PomodorkoUITestsLaunchTests.swift */; };
		A1656AC52C442095007C76E8 /* PomodoroView.swift in Sources */ = {isa = PBXBuildFile; fileRef = A1656AC42C442095007C76E8 /* PomodoroView.swift */; };
		A1656AC72C442174007C76E8 /* PomodoroTheme.swift in Sources */ = {isa = PBXBuildFile; fileRef = A1656AC62C442174007C76E8 /* PomodoroTheme.swift */; };
		A1656AC92C442401007C76E8 /* Mode.swift in Sources */ = {isa = PBXBuildFile; fileRef = A1656AC82C442401007C76E8 /* Mode.swift */; };
		A1656ACB2C444CC4007C76E8 /* Pomodoro.swift in Sources */ = {isa = PBXBuildFile; fileRef = A1656ACA2C444CC4007C76E8 /* Pomodoro.swift */; };
		A16ABC672C46B8F1004F0FB8 /* TimerText.swift in Sources */ = {isa = PBXBuildFile; fileRef = A16ABC662C46B8F1004F0FB8 /* TimerText.swift */; };
		A18F5B352C46D81A00B23E04 /* SettingsView.swift in Sources */ = {isa = PBXBuildFile; fileRef = A18F5B342C46D81A00B23E04 /* SettingsView.swift */; };
		A1B008F92C46822C0082433F /* PomodoroButton.swift in Sources */ = {isa = PBXBuildFile; fileRef = A1B008F82C46822C0082433F /* PomodoroButton.swift */; };
		A1B008FB2C4688920082433F /* Size.swift in Sources */ = {isa = PBXBuildFile; fileRef = A1B008FA2C4688920082433F /* Size.swift */; };
		A1D154582C457C0E00D69E09 /* ModeLabel.swift in Sources */ = {isa = PBXBuildFile; fileRef = A1D154572C457C0E00D69E09 /* ModeLabel.swift */; };
		A1DA5C752C483CBA00505B36 /* CounterSetting.swift in Sources */ = {isa = PBXBuildFile; fileRef = A1DA5C742C483CBA00505B36 /* CounterSetting.swift */; };
/* End PBXBuildFile section */

/* Begin PBXContainerItemProxy section */
		A1656AA62C44205A007C76E8 /* PBXContainerItemProxy */ = {
			isa = PBXContainerItemProxy;
			containerPortal = A1656A8D2C442058007C76E8 /* Project object */;
			proxyType = 1;
			remoteGlobalIDString = A1656A942C442058007C76E8;
			remoteInfo = Pomodorko;
		};
		A1656AB02C44205A007C76E8 /* PBXContainerItemProxy */ = {
			isa = PBXContainerItemProxy;
			containerPortal = A1656A8D2C442058007C76E8 /* Project object */;
			proxyType = 1;
			remoteGlobalIDString = A1656A942C442058007C76E8;
			remoteInfo = Pomodorko;
		};
/* End PBXContainerItemProxy section */

/* Begin PBXFileReference section */
		A14DC5FC2C444EF700407631 /* README.md */ = {isa = PBXFileReference; lastKnownFileType = net.daringfireball.markdown; path = README.md; sourceTree = "<group>"; };
		A1656A952C442058007C76E8 /* Pomodorko.app */ = {isa = PBXFileReference; explicitFileType = wrapper.application; includeInIndex = 0; path = Pomodorko.app; sourceTree = BUILT_PRODUCTS_DIR; };
		A1656A982C442058007C76E8 /* PomodorkoApp.swift */ = {isa = PBXFileReference; lastKnownFileType = sourcecode.swift; path = PomodorkoApp.swift; sourceTree = "<group>"; };
		A1656A9C2C442059007C76E8 /* Assets.xcassets */ = {isa = PBXFileReference; lastKnownFileType = folder.assetcatalog; path = Assets.xcassets; sourceTree = "<group>"; };
		A1656A9F2C442059007C76E8 /* Preview Assets.xcassets */ = {isa = PBXFileReference; lastKnownFileType = folder.assetcatalog; path = "Preview Assets.xcassets"; sourceTree = "<group>"; };
		A1656AA52C44205A007C76E8 /* PomodorkoTests.xctest */ = {isa = PBXFileReference; explicitFileType = wrapper.cfbundle; includeInIndex = 0; path = PomodorkoTests.xctest; sourceTree = BUILT_PRODUCTS_DIR; };
		A1656AA92C44205A007C76E8 /* PomodorkoTests.swift */ = {isa = PBXFileReference; lastKnownFileType = sourcecode.swift; path = PomodorkoTests.swift; sourceTree = "<group>"; };
		A1656AAF2C44205A007C76E8 /* PomodorkoUITests.xctest */ = {isa = PBXFileReference; explicitFileType = wrapper.cfbundle; includeInIndex = 0; path = PomodorkoUITests.xctest; sourceTree = BUILT_PRODUCTS_DIR; };
		A1656AB32C44205A007C76E8 /* PomodorkoUITests.swift */ = {isa = PBXFileReference; lastKnownFileType = sourcecode.swift; path = PomodorkoUITests.swift; sourceTree = "<group>"; };
		A1656AB52C44205A007C76E8 /* PomodorkoUITestsLaunchTests.swift */ = {isa = PBXFileReference; lastKnownFileType = sourcecode.swift; path = PomodorkoUITestsLaunchTests.swift; sourceTree = "<group>"; };
		A1656AC42C442095007C76E8 /* PomodoroView.swift */ = {isa = PBXFileReference; lastKnownFileType = sourcecode.swift; path = PomodoroView.swift; sourceTree = "<group>"; };
		A1656AC62C442174007C76E8 /* PomodoroTheme.swift */ = {isa = PBXFileReference; lastKnownFileType = sourcecode.swift; path = PomodoroTheme.swift; sourceTree = "<group>"; };
		A1656AC82C442401007C76E8 /* Mode.swift */ = {isa = PBXFileReference; lastKnownFileType = sourcecode.swift; path = Mode.swift; sourceTree = "<group>"; };
		A1656ACA2C444CC4007C76E8 /* Pomodoro.swift */ = {isa = PBXFileReference; lastKnownFileType = sourcecode.swift; path = Pomodoro.swift; sourceTree = "<group>"; };
		A16ABC662C46B8F1004F0FB8 /* TimerText.swift */ = {isa = PBXFileReference; lastKnownFileType = sourcecode.swift; path = TimerText.swift; sourceTree = "<group>"; };
		A18F5B342C46D81A00B23E04 /* SettingsView.swift */ = {isa = PBXFileReference; lastKnownFileType = sourcecode.swift; path = SettingsView.swift; sourceTree = "<group>"; };
		A1B008F82C46822C0082433F /* PomodoroButton.swift */ = {isa = PBXFileReference; lastKnownFileType = sourcecode.swift; path = PomodoroButton.swift; sourceTree = "<group>"; };
		A1B008FA2C4688920082433F /* Size.swift */ = {isa = PBXFileReference; lastKnownFileType = sourcecode.swift; path = Size.swift; sourceTree = "<group>"; };
		A1D154572C457C0E00D69E09 /* ModeLabel.swift */ = {isa = PBXFileReference; lastKnownFileType = sourcecode.swift; path = ModeLabel.swift; sourceTree = "<group>"; };
		A1DA5C742C483CBA00505B36 /* CounterSetting.swift */ = {isa = PBXFileReference; lastKnownFileType = sourcecode.swift; path = CounterSetting.swift; sourceTree = "<group>"; };
/* End PBXFileReference section */

/* Begin PBXFrameworksBuildPhase section */
		A1656A922C442058007C76E8 /* Frameworks */ = {
			isa = PBXFrameworksBuildPhase;
			buildActionMask = 2147483647;
			files = (
			);
			runOnlyForDeploymentPostprocessing = 0;
		};
		A1656AA22C44205A007C76E8 /* Frameworks */ = {
			isa = PBXFrameworksBuildPhase;
			buildActionMask = 2147483647;
			files = (
			);
			runOnlyForDeploymentPostprocessing = 0;
		};
		A1656AAC2C44205A007C76E8 /* Frameworks */ = {
			isa = PBXFrameworksBuildPhase;
			buildActionMask = 2147483647;
			files = (
			);
			runOnlyForDeploymentPostprocessing = 0;
		};
/* End PBXFrameworksBuildPhase section */

/* Begin PBXGroup section */
		A1656A8C2C442058007C76E8 = {
			isa = PBXGroup;
			children = (
				A14DC5FC2C444EF700407631 /* README.md */,
				A1656A972C442058007C76E8 /* Pomodorko */,
				A1656AA82C44205A007C76E8 /* PomodorkoTests */,
				A1656AB22C44205A007C76E8 /* PomodorkoUITests */,
				A1656A962C442058007C76E8 /* Products */,
			);
			sourceTree = "<group>";
		};
		A1656A962C442058007C76E8 /* Products */ = {
			isa = PBXGroup;
			children = (
				A1656A952C442058007C76E8 /* Pomodorko.app */,
				A1656AA52C44205A007C76E8 /* PomodorkoTests.xctest */,
				A1656AAF2C44205A007C76E8 /* PomodorkoUITests.xctest */,
			);
			name = Products;
			sourceTree = "<group>";
		};
		A1656A972C442058007C76E8 /* Pomodorko */ = {
			isa = PBXGroup;
			children = (
				A1656A982C442058007C76E8 /* PomodorkoApp.swift */,
				A1D154592C457E1F00D69E09 /* Components */,
				A1656AC32C442079007C76E8 /* Models */,
				A1656AC22C442073007C76E8 /* Views */,
				A1656A9C2C442059007C76E8 /* Assets.xcassets */,
				A1656A9E2C442059007C76E8 /* Preview Content */,
			);
			path = Pomodorko;
			sourceTree = "<group>";
		};
		A1656A9E2C442059007C76E8 /* Preview Content */ = {
			isa = PBXGroup;
			children = (
				A1656A9F2C442059007C76E8 /* Preview Assets.xcassets */,
			);
			path = "Preview Content";
			sourceTree = "<group>";
		};
		A1656AA82C44205A007C76E8 /* PomodorkoTests */ = {
			isa = PBXGroup;
			children = (
				A1656AA92C44205A007C76E8 /* PomodorkoTests.swift */,
			);
			path = PomodorkoTests;
			sourceTree = "<group>";
		};
		A1656AB22C44205A007C76E8 /* PomodorkoUITests */ = {
			isa = PBXGroup;
			children = (
				A1656AB32C44205A007C76E8 /* PomodorkoUITests.swift */,
				A1656AB52C44205A007C76E8 /* PomodorkoUITestsLaunchTests.swift */,
			);
			path = PomodorkoUITests;
			sourceTree = "<group>";
		};
		A1656AC22C442073007C76E8 /* Views */ = {
			isa = PBXGroup;
			children = (
				A1656AC42C442095007C76E8 /* PomodoroView.swift */,
				A18F5B342C46D81A00B23E04 /* SettingsView.swift */,
			);
			path = Views;
			sourceTree = "<group>";
		};
		A1656AC32C442079007C76E8 /* Models */ = {
			isa = PBXGroup;
			children = (
				A1656AC82C442401007C76E8 /* Mode.swift */,
				A1656ACA2C444CC4007C76E8 /* Pomodoro.swift */,
				A1656AC62C442174007C76E8 /* PomodoroTheme.swift */,
				A1B008FA2C4688920082433F /* Size.swift */,
			);
			path = Models;
			sourceTree = "<group>";
		};
		A1D154592C457E1F00D69E09 /* Components */ = {
			isa = PBXGroup;
			children = (
				A1DA5C742C483CBA00505B36 /* CounterSetting.swift */,
				A1D154572C457C0E00D69E09 /* ModeLabel.swift */,
				A1B008F82C46822C0082433F /* PomodoroButton.swift */,
				A16ABC662C46B8F1004F0FB8 /* TimerText.swift */,
			);
			path = Components;
			sourceTree = "<group>";
		};
/* End PBXGroup section */

/* Begin PBXNativeTarget section */
		A1656A942C442058007C76E8 /* Pomodorko */ = {
			isa = PBXNativeTarget;
			buildConfigurationList = A1656AB92C44205A007C76E8 /* Build configuration list for PBXNativeTarget "Pomodorko" */;
			buildPhases = (
				A1656A912C442058007C76E8 /* Sources */,
				A1656A922C442058007C76E8 /* Frameworks */,
				A1656A932C442058007C76E8 /* Resources */,
			);
			buildRules = (
			);
			dependencies = (
			);
			name = Pomodorko;
			productName = Pomodorko;
			productReference = A1656A952C442058007C76E8 /* Pomodorko.app */;
			productType = "com.apple.product-type.application";
		};
		A1656AA42C44205A007C76E8 /* PomodorkoTests */ = {
			isa = PBXNativeTarget;
			buildConfigurationList = A1656ABC2C44205A007C76E8 /* Build configuration list for PBXNativeTarget "PomodorkoTests" */;
			buildPhases = (
				A1656AA12C44205A007C76E8 /* Sources */,
				A1656AA22C44205A007C76E8 /* Frameworks */,
				A1656AA32C44205A007C76E8 /* Resources */,
			);
			buildRules = (
			);
			dependencies = (
				A1656AA72C44205A007C76E8 /* PBXTargetDependency */,
			);
			name = PomodorkoTests;
			productName = PomodorkoTests;
			productReference = A1656AA52C44205A007C76E8 /* PomodorkoTests.xctest */;
			productType = "com.apple.product-type.bundle.unit-test";
		};
		A1656AAE2C44205A007C76E8 /* PomodorkoUITests */ = {
			isa = PBXNativeTarget;
			buildConfigurationList = A1656ABF2C44205A007C76E8 /* Build configuration list for PBXNativeTarget "PomodorkoUITests" */;
			buildPhases = (
				A1656AAB2C44205A007C76E8 /* Sources */,
				A1656AAC2C44205A007C76E8 /* Frameworks */,
				A1656AAD2C44205A007C76E8 /* Resources */,
			);
			buildRules = (
			);
			dependencies = (
				A1656AB12C44205A007C76E8 /* PBXTargetDependency */,
			);
			name = PomodorkoUITests;
			productName = PomodorkoUITests;
			productReference = A1656AAF2C44205A007C76E8 /* PomodorkoUITests.xctest */;
			productType = "com.apple.product-type.bundle.ui-testing";
		};
/* End PBXNativeTarget section */

/* Begin PBXProject section */
		A1656A8D2C442058007C76E8 /* Project object */ = {
			isa = PBXProject;
			attributes = {
				BuildIndependentTargetsInParallel = 1;
				LastSwiftUpdateCheck = 1540;
				LastUpgradeCheck = 1540;
				TargetAttributes = {
					A1656A942C442058007C76E8 = {
						CreatedOnToolsVersion = 15.4;
					};
					A1656AA42C44205A007C76E8 = {
						CreatedOnToolsVersion = 15.4;
						TestTargetID = A1656A942C442058007C76E8;
					};
					A1656AAE2C44205A007C76E8 = {
						CreatedOnToolsVersion = 15.4;
						TestTargetID = A1656A942C442058007C76E8;
					};
				};
			};
			buildConfigurationList = A1656A902C442058007C76E8 /* Build configuration list for PBXProject "Pomodorko" */;
			compatibilityVersion = "Xcode 14.0";
			developmentRegion = en;
			hasScannedForEncodings = 0;
			knownRegions = (
				en,
				Base,
			);
			mainGroup = A1656A8C2C442058007C76E8;
			productRefGroup = A1656A962C442058007C76E8 /* Products */;
			projectDirPath = "";
			projectRoot = "";
			targets = (
				A1656A942C442058007C76E8 /* Pomodorko */,
				A1656AA42C44205A007C76E8 /* PomodorkoTests */,
				A1656AAE2C44205A007C76E8 /* PomodorkoUITests */,
			);
		};
/* End PBXProject section */

/* Begin PBXResourcesBuildPhase section */
		A1656A932C442058007C76E8 /* Resources */ = {
			isa = PBXResourcesBuildPhase;
			buildActionMask = 2147483647;
			files = (
				A1656AA02C442059007C76E8 /* Preview Assets.xcassets in Resources */,
				A1656A9D2C442059007C76E8 /* Assets.xcassets in Resources */,
			);
			runOnlyForDeploymentPostprocessing = 0;
		};
		A1656AA32C44205A007C76E8 /* Resources */ = {
			isa = PBXResourcesBuildPhase;
			buildActionMask = 2147483647;
			files = (
			);
			runOnlyForDeploymentPostprocessing = 0;
		};
		A1656AAD2C44205A007C76E8 /* Resources */ = {
			isa = PBXResourcesBuildPhase;
			buildActionMask = 2147483647;
			files = (
			);
			runOnlyForDeploymentPostprocessing = 0;
		};
/* End PBXResourcesBuildPhase section */

/* Begin PBXSourcesBuildPhase section */
		A1656A912C442058007C76E8 /* Sources */ = {
			isa = PBXSourcesBuildPhase;
			buildActionMask = 2147483647;
			files = (
				A1B008FB2C4688920082433F /* Size.swift in Sources */,
				A1B008F92C46822C0082433F /* PomodoroButton.swift in Sources */,
				A1656AC72C442174007C76E8 /* PomodoroTheme.swift in Sources */,
				A1656AC52C442095007C76E8 /* PomodoroView.swift in Sources */,
				A1DA5C752C483CBA00505B36 /* CounterSetting.swift in Sources */,
				A1D154582C457C0E00D69E09 /* ModeLabel.swift in Sources */,
				A18F5B352C46D81A00B23E04 /* SettingsView.swift in Sources */,
				A16ABC672C46B8F1004F0FB8 /* TimerText.swift in Sources */,
				A1656ACB2C444CC4007C76E8 /* Pomodoro.swift in Sources */,
				A1656AC92C442401007C76E8 /* Mode.swift in Sources */,
				A1656A992C442058007C76E8 /* PomodorkoApp.swift in Sources */,
			);
			runOnlyForDeploymentPostprocessing = 0;
		};
		A1656AA12C44205A007C76E8 /* Sources */ = {
			isa = PBXSourcesBuildPhase;
			buildActionMask = 2147483647;
			files = (
				A1656AAA2C44205A007C76E8 /* PomodorkoTests.swift in Sources */,
			);
			runOnlyForDeploymentPostprocessing = 0;
		};
		A1656AAB2C44205A007C76E8 /* Sources */ = {
			isa = PBXSourcesBuildPhase;
			buildActionMask = 2147483647;
			files = (
				A1656AB42C44205A007C76E8 /* PomodorkoUITests.swift in Sources */,
				A1656AB62C44205A007C76E8 /* PomodorkoUITestsLaunchTests.swift in Sources */,
			);
			runOnlyForDeploymentPostprocessing = 0;
		};
/* End PBXSourcesBuildPhase section */

/* Begin PBXTargetDependency section */
		A1656AA72C44205A007C76E8 /* PBXTargetDependency */ = {
			isa = PBXTargetDependency;
			target = A1656A942C442058007C76E8 /* Pomodorko */;
			targetProxy = A1656AA62C44205A007C76E8 /* PBXContainerItemProxy */;
		};
		A1656AB12C44205A007C76E8 /* PBXTargetDependency */ = {
			isa = PBXTargetDependency;
			target = A1656A942C442058007C76E8 /* Pomodorko */;
			targetProxy = A1656AB02C44205A007C76E8 /* PBXContainerItemProxy */;
		};
/* End PBXTargetDependency section */

/* Begin XCBuildConfiguration section */
		A1656AB72C44205A007C76E8 /* Debug */ = {
			isa = XCBuildConfiguration;
			buildSettings = {
				ALWAYS_SEARCH_USER_PATHS = NO;
				ASSETCATALOG_COMPILER_GENERATE_SWIFT_ASSET_SYMBOL_EXTENSIONS = YES;
				CLANG_ANALYZER_NONNULL = YES;
				CLANG_ANALYZER_NUMBER_OBJECT_CONVERSION = YES_AGGRESSIVE;
				CLANG_CXX_LANGUAGE_STANDARD = "gnu++20";
				CLANG_ENABLE_MODULES = YES;
				CLANG_ENABLE_OBJC_ARC = YES;
				CLANG_ENABLE_OBJC_WEAK = YES;
				CLANG_WARN_BLOCK_CAPTURE_AUTORELEASING = YES;
				CLANG_WARN_BOOL_CONVERSION = YES;
				CLANG_WARN_COMMA = YES;
				CLANG_WARN_CONSTANT_CONVERSION = YES;
				CLANG_WARN_DEPRECATED_OBJC_IMPLEMENTATIONS = YES;
				CLANG_WARN_DIRECT_OBJC_ISA_USAGE = YES_ERROR;
				CLANG_WARN_DOCUMENTATION_COMMENTS = YES;
				CLANG_WARN_EMPTY_BODY = YES;
				CLANG_WARN_ENUM_CONVERSION = YES;
				CLANG_WARN_INFINITE_RECURSION = YES;
				CLANG_WARN_INT_CONVERSION = YES;
				CLANG_WARN_NON_LITERAL_NULL_CONVERSION = YES;
				CLANG_WARN_OBJC_IMPLICIT_RETAIN_SELF = YES;
				CLANG_WARN_OBJC_LITERAL_CONVERSION = YES;
				CLANG_WARN_OBJC_ROOT_CLASS = YES_ERROR;
				CLANG_WARN_QUOTED_INCLUDE_IN_FRAMEWORK_HEADER = YES;
				CLANG_WARN_RANGE_LOOP_ANALYSIS = YES;
				CLANG_WARN_STRICT_PROTOTYPES = YES;
				CLANG_WARN_SUSPICIOUS_MOVE = YES;
				CLANG_WARN_UNGUARDED_AVAILABILITY = YES_AGGRESSIVE;
				CLANG_WARN_UNREACHABLE_CODE = YES;
				CLANG_WARN__DUPLICATE_METHOD_MATCH = YES;
				COPY_PHASE_STRIP = NO;
				DEBUG_INFORMATION_FORMAT = dwarf;
				ENABLE_STRICT_OBJC_MSGSEND = YES;
				ENABLE_TESTABILITY = YES;
				ENABLE_USER_SCRIPT_SANDBOXING = YES;
				GCC_C_LANGUAGE_STANDARD = gnu17;
				GCC_DYNAMIC_NO_PIC = NO;
				GCC_NO_COMMON_BLOCKS = YES;
				GCC_OPTIMIZATION_LEVEL = 0;
				GCC_PREPROCESSOR_DEFINITIONS = (
					"DEBUG=1",
					"$(inherited)",
				);
				GCC_WARN_64_TO_32_BIT_CONVERSION = YES;
				GCC_WARN_ABOUT_RETURN_TYPE = YES_ERROR;
				GCC_WARN_UNDECLARED_SELECTOR = YES;
				GCC_WARN_UNINITIALIZED_AUTOS = YES_AGGRESSIVE;
				GCC_WARN_UNUSED_FUNCTION = YES;
				GCC_WARN_UNUSED_VARIABLE = YES;
				IPHONEOS_DEPLOYMENT_TARGET = 17.5;
				LOCALIZATION_PREFERS_STRING_CATALOGS = YES;
				MTL_ENABLE_DEBUG_INFO = INCLUDE_SOURCE;
				MTL_FAST_MATH = YES;
				ONLY_ACTIVE_ARCH = YES;
				SDKROOT = iphoneos;
				SWIFT_ACTIVE_COMPILATION_CONDITIONS = "DEBUG $(inherited)";
				SWIFT_OPTIMIZATION_LEVEL = "-Onone";
			};
			name = Debug;
		};
		A1656AB82C44205A007C76E8 /* Release */ = {
			isa = XCBuildConfiguration;
			buildSettings = {
				ALWAYS_SEARCH_USER_PATHS = NO;
				ASSETCATALOG_COMPILER_GENERATE_SWIFT_ASSET_SYMBOL_EXTENSIONS = YES;
				CLANG_ANALYZER_NONNULL = YES;
				CLANG_ANALYZER_NUMBER_OBJECT_CONVERSION = YES_AGGRESSIVE;
				CLANG_CXX_LANGUAGE_STANDARD = "gnu++20";
				CLANG_ENABLE_MODULES = YES;
				CLANG_ENABLE_OBJC_ARC = YES;
				CLANG_ENABLE_OBJC_WEAK = YES;
				CLANG_WARN_BLOCK_CAPTURE_AUTORELEASING = YES;
				CLANG_WARN_BOOL_CONVERSION = YES;
				CLANG_WARN_COMMA = YES;
				CLANG_WARN_CONSTANT_CONVERSION = YES;
				CLANG_WARN_DEPRECATED_OBJC_IMPLEMENTATIONS = YES;
				CLANG_WARN_DIRECT_OBJC_ISA_USAGE = YES_ERROR;
				CLANG_WARN_DOCUMENTATION_COMMENTS = YES;
				CLANG_WARN_EMPTY_BODY = YES;
				CLANG_WARN_ENUM_CONVERSION = YES;
				CLANG_WARN_INFINITE_RECURSION = YES;
				CLANG_WARN_INT_CONVERSION = YES;
				CLANG_WARN_NON_LITERAL_NULL_CONVERSION = YES;
				CLANG_WARN_OBJC_IMPLICIT_RETAIN_SELF = YES;
				CLANG_WARN_OBJC_LITERAL_CONVERSION = YES;
				CLANG_WARN_OBJC_ROOT_CLASS = YES_ERROR;
				CLANG_WARN_QUOTED_INCLUDE_IN_FRAMEWORK_HEADER = YES;
				CLANG_WARN_RANGE_LOOP_ANALYSIS = YES;
				CLANG_WARN_STRICT_PROTOTYPES = YES;
				CLANG_WARN_SUSPICIOUS_MOVE = YES;
				CLANG_WARN_UNGUARDED_AVAILABILITY = YES_AGGRESSIVE;
				CLANG_WARN_UNREACHABLE_CODE = YES;
				CLANG_WARN__DUPLICATE_METHOD_MATCH = YES;
				COPY_PHASE_STRIP = NO;
				DEBUG_INFORMATION_FORMAT = "dwarf-with-dsym";
				ENABLE_NS_ASSERTIONS = NO;
				ENABLE_STRICT_OBJC_MSGSEND = YES;
				ENABLE_USER_SCRIPT_SANDBOXING = YES;
				GCC_C_LANGUAGE_STANDARD = gnu17;
				GCC_NO_COMMON_BLOCKS = YES;
				GCC_WARN_64_TO_32_BIT_CONVERSION = YES;
				GCC_WARN_ABOUT_RETURN_TYPE = YES_ERROR;
				GCC_WARN_UNDECLARED_SELECTOR = YES;
				GCC_WARN_UNINITIALIZED_AUTOS = YES_AGGRESSIVE;
				GCC_WARN_UNUSED_FUNCTION = YES;
				GCC_WARN_UNUSED_VARIABLE = YES;
				IPHONEOS_DEPLOYMENT_TARGET = 17.5;
				LOCALIZATION_PREFERS_STRING_CATALOGS = YES;
				MTL_ENABLE_DEBUG_INFO = NO;
				MTL_FAST_MATH = YES;
				SDKROOT = iphoneos;
				SWIFT_COMPILATION_MODE = wholemodule;
				VALIDATE_PRODUCT = YES;
			};
			name = Release;
		};
		A1656ABA2C44205A007C76E8 /* Debug */ = {
			isa = XCBuildConfiguration;
			buildSettings = {
				ASSETCATALOG_COMPILER_APPICON_NAME = AppIcon;
				ASSETCATALOG_COMPILER_GLOBAL_ACCENT_COLOR_NAME = AccentColor;
				CODE_SIGN_STYLE = Automatic;
				CURRENT_PROJECT_VERSION = 1;
				DEVELOPMENT_ASSET_PATHS = "\"Pomodorko/Preview Content\"";
				ENABLE_PREVIEWS = YES;
				GENERATE_INFOPLIST_FILE = YES;
				INFOPLIST_KEY_UIApplicationSceneManifest_Generation = YES;
				INFOPLIST_KEY_UIApplicationSupportsIndirectInputEvents = YES;
				INFOPLIST_KEY_UILaunchScreen_Generation = YES;
				INFOPLIST_KEY_UISupportedInterfaceOrientations_iPad = "UIInterfaceOrientationPortrait UIInterfaceOrientationPortraitUpsideDown UIInterfaceOrientationLandscapeLeft UIInterfaceOrientationLandscapeRight";
				INFOPLIST_KEY_UISupportedInterfaceOrientations_iPhone = "UIInterfaceOrientationPortrait UIInterfaceOrientationLandscapeLeft UIInterfaceOrientationLandscapeRight";
				LD_RUNPATH_SEARCH_PATHS = (
					"$(inherited)",
					"@executable_path/Frameworks",
				);
				MARKETING_VERSION = 1.0;
				PRODUCT_BUNDLE_IDENTIFIER = com.andy.Pomodorko;
				PRODUCT_NAME = "$(TARGET_NAME)";
				SWIFT_EMIT_LOC_STRINGS = YES;
				SWIFT_VERSION = 5.0;
				TARGETED_DEVICE_FAMILY = "1,2";
			};
			name = Debug;
		};
		A1656ABB2C44205A007C76E8 /* Release */ = {
			isa = XCBuildConfiguration;
			buildSettings = {
				ASSETCATALOG_COMPILER_APPICON_NAME = AppIcon;
				ASSETCATALOG_COMPILER_GLOBAL_ACCENT_COLOR_NAME = AccentColor;
				CODE_SIGN_STYLE = Automatic;
				CURRENT_PROJECT_VERSION = 1;
				DEVELOPMENT_ASSET_PATHS = "\"Pomodorko/Preview Content\"";
				ENABLE_PREVIEWS = YES;
				GENERATE_INFOPLIST_FILE = YES;
				INFOPLIST_KEY_UIApplicationSceneManifest_Generation = YES;
				INFOPLIST_KEY_UIApplicationSupportsIndirectInputEvents = YES;
				INFOPLIST_KEY_UILaunchScreen_Generation = YES;
				INFOPLIST_KEY_UISupportedInterfaceOrientations_iPad = "UIInterfaceOrientationPortrait UIInterfaceOrientationPortraitUpsideDown UIInterfaceOrientationLandscapeLeft UIInterfaceOrientationLandscapeRight";
				INFOPLIST_KEY_UISupportedInterfaceOrientations_iPhone = "UIInterfaceOrientationPortrait UIInterfaceOrientationLandscapeLeft UIInterfaceOrientationLandscapeRight";
				LD_RUNPATH_SEARCH_PATHS = (
					"$(inherited)",
					"@executable_path/Frameworks",
				);
				MARKETING_VERSION = 1.0;
				PRODUCT_BUNDLE_IDENTIFIER = com.andy.Pomodorko;
				PRODUCT_NAME = "$(TARGET_NAME)";
				SWIFT_EMIT_LOC_STRINGS = YES;
				SWIFT_VERSION = 5.0;
				TARGETED_DEVICE_FAMILY = "1,2";
			};
			name = Release;
		};
		A1656ABD2C44205A007C76E8 /* Debug */ = {
			isa = XCBuildConfiguration;
			buildSettings = {
				ALWAYS_EMBED_SWIFT_STANDARD_LIBRARIES = YES;
				BUNDLE_LOADER = "$(TEST_HOST)";
				CODE_SIGN_STYLE = Automatic;
				CURRENT_PROJECT_VERSION = 1;
				GENERATE_INFOPLIST_FILE = YES;
				IPHONEOS_DEPLOYMENT_TARGET = 17.5;
				MARKETING_VERSION = 1.0;
				PRODUCT_BUNDLE_IDENTIFIER = com.andy.PomodorkoTests;
				PRODUCT_NAME = "$(TARGET_NAME)";
				SWIFT_EMIT_LOC_STRINGS = NO;
				SWIFT_VERSION = 5.0;
				TARGETED_DEVICE_FAMILY = "1,2";
				TEST_HOST = "$(BUILT_PRODUCTS_DIR)/Pomodorko.app/$(BUNDLE_EXECUTABLE_FOLDER_PATH)/Pomodorko";
			};
			name = Debug;
		};
		A1656ABE2C44205A007C76E8 /* Release */ = {
			isa = XCBuildConfiguration;
			buildSettings = {
				ALWAYS_EMBED_SWIFT_STANDARD_LIBRARIES = YES;
				BUNDLE_LOADER = "$(TEST_HOST)";
				CODE_SIGN_STYLE = Automatic;
				CURRENT_PROJECT_VERSION = 1;
				GENERATE_INFOPLIST_FILE = YES;
				IPHONEOS_DEPLOYMENT_TARGET = 17.5;
				MARKETING_VERSION = 1.0;
				PRODUCT_BUNDLE_IDENTIFIER = com.andy.PomodorkoTests;
				PRODUCT_NAME = "$(TARGET_NAME)";
				SWIFT_EMIT_LOC_STRINGS = NO;
				SWIFT_VERSION = 5.0;
				TARGETED_DEVICE_FAMILY = "1,2";
				TEST_HOST = "$(BUILT_PRODUCTS_DIR)/Pomodorko.app/$(BUNDLE_EXECUTABLE_FOLDER_PATH)/Pomodorko";
			};
			name = Release;
		};
		A1656AC02C44205A007C76E8 /* Debug */ = {
			isa = XCBuildConfiguration;
			buildSettings = {
				ALWAYS_EMBED_SWIFT_STANDARD_LIBRARIES = YES;
				CODE_SIGN_STYLE = Automatic;
				CURRENT_PROJECT_VERSION = 1;
				GENERATE_INFOPLIST_FILE = YES;
				MARKETING_VERSION = 1.0;
				PRODUCT_BUNDLE_IDENTIFIER = com.andy.PomodorkoUITests;
				PRODUCT_NAME = "$(TARGET_NAME)";
				SWIFT_EMIT_LOC_STRINGS = NO;
				SWIFT_VERSION = 5.0;
				TARGETED_DEVICE_FAMILY = "1,2";
				TEST_TARGET_NAME = Pomodorko;
			};
			name = Debug;
		};
		A1656AC12C44205A007C76E8 /* Release */ = {
			isa = XCBuildConfiguration;
			buildSettings = {
				ALWAYS_EMBED_SWIFT_STANDARD_LIBRARIES = YES;
				CODE_SIGN_STYLE = Automatic;
				CURRENT_PROJECT_VERSION = 1;
				GENERATE_INFOPLIST_FILE = YES;
				MARKETING_VERSION = 1.0;
				PRODUCT_BUNDLE_IDENTIFIER = com.andy.PomodorkoUITests;
				PRODUCT_NAME = "$(TARGET_NAME)";
				SWIFT_EMIT_LOC_STRINGS = NO;
				SWIFT_VERSION = 5.0;
				TARGETED_DEVICE_FAMILY = "1,2";
				TEST_TARGET_NAME = Pomodorko;
			};
			name = Release;
		};
/* End XCBuildConfiguration section */

/* Begin XCConfigurationList section */
		A1656A902C442058007C76E8 /* Build configuration list for PBXProject "Pomodorko" */ = {
			isa = XCConfigurationList;
			buildConfigurations = (
				A1656AB72C44205A007C76E8 /* Debug */,
				A1656AB82C44205A007C76E8 /* Release */,
			);
			defaultConfigurationIsVisible = 0;
			defaultConfigurationName = Release;
		};
		A1656AB92C44205A007C76E8 /* Build configuration list for PBXNativeTarget "Pomodorko" */ = {
			isa = XCConfigurationList;
			buildConfigurations = (
				A1656ABA2C44205A007C76E8 /* Debug */,
				A1656ABB2C44205A007C76E8 /* Release */,
			);
			defaultConfigurationIsVisible = 0;
			defaultConfigurationName = Release;
		};
		A1656ABC2C44205A007C76E8 /* Build configuration list for PBXNativeTarget "PomodorkoTests" */ = {
			isa = XCConfigurationList;
			buildConfigurations = (
				A1656ABD2C44205A007C76E8 /* Debug */,
				A1656ABE2C44205A007C76E8 /* Release */,
			);
			defaultConfigurationIsVisible = 0;
			defaultConfigurationName = Release;
		};
		A1656ABF2C44205A007C76E8 /* Build configuration list for PBXNativeTarget "PomodorkoUITests" */ = {
			isa = XCConfigurationList;
			buildConfigurations = (
				A1656AC02C44205A007C76E8 /* Debug */,
				A1656AC12C44205A007C76E8 /* Release */,
			);
			defaultConfigurationIsVisible = 0;
			defaultConfigurationName = Release;
		};
/* End XCConfigurationList section */
	};
	rootObject = A1656A8D2C442058007C76E8 /* Project object */;
}
